
Microsoft Visual Studio Solution File, Format Version 12.00
# Visual Studio Version 17
VisualStudioVersion = 17.0.31903.59
MinimumVisualStudioVersion = 10.0.40219.1
Project("{2150E333-8FDC-42A3-9474-1A3956D46DE8}") = "src", "src", "{421E4851-1497-4D3F-9767-B5EDE70A12A3}"
EndProject
Project("{F2A71F9B-5D33-465A-A702-920D77279786}") = "App", "src\App\App.fsproj", "{77341FC9-37DD-4C6B-BAB5-03252503BB38}"
EndProject
Global
	GlobalSection(SolutionConfigurationPlatforms) = preSolution
		Debug|Any CPU = Debug|Any CPU
		Release|Any CPU = Release|Any CPU
	EndGlobalSection
	GlobalSection(SolutionProperties) = preSolution
		HideSolutionNode = FALSE
	EndGlobalSection
	GlobalSection(ProjectConfigurationPlatforms) = postSolution
		{77341FC9-37DD-4C6B-BAB5-03252503BB38}.Debug|Any CPU.ActiveCfg = Debug|Any CPU
		{77341FC9-37DD-4C6B-BAB5-03252503BB38}.Debug|Any CPU.Build.0 = Debug|Any CPU
		{77341FC9-37DD-4C6B-BAB5-03252503BB38}.Release|Any CPU.ActiveCfg = Release|Any CPU
		{77341FC9-37DD-4C6B-BAB5-03252503BB38}.Release|Any CPU.Build.0 = Release|Any CPU
	EndGlobalSection
	GlobalSection(NestedProjects) = preSolution
		{77341FC9-37DD-4C6B-BAB5-03252503BB38} = {421E4851-1497-4D3F-9767-B5EDE70A12A3}
	EndGlobalSection
EndGlobal
